{
  "version": 4,
  "terraform_version": "1.9.5",
  "serial": 3,
  "lineage": "f036c632-97a2-58fc-6bf5-0a871a4d633c",
  "outputs": {},
  "resources": [
    {
      "mode": "managed",
      "type": "aws_vpc",
      "name": "myvpc",
      "provider": "provider[\"registry.terraform.io/hashicorp/aws\"]",
      "instances": [
        {
          "schema_version": 1,
          "attributes": {
            "arn": "arn:aws:ec2:us-east-2:239722391541:vpc/vpc-0e7685ac088102406",
            "assign_generated_ipv6_cidr_block": false,
            "cidr_block": "10.0.0.0/16",
            "default_network_acl_id": "acl-0c7422b15e45a57d7",
            "default_route_table_id": "rtb-03c4328cce9456b31",
            "default_security_group_id": "sg-00c2f9ee064cd8ce9",
            "dhcp_options_id": "dopt-0e0ed21deebce72d3",
            "enable_dns_hostnames": false,
            "enable_dns_support": true,
            "enable_network_address_usage_metrics": false,
            "id": "vpc-0e7685ac088102406",
            "instance_tenancy": "default",
            "ipv4_ipam_pool_id": null,
            "ipv4_netmask_length": null,
            "ipv6_association_id": "",
            "ipv6_cidr_block": "",
            "ipv6_cidr_block_network_border_group": "",
            "ipv6_ipam_pool_id": "",
            "ipv6_netmask_length": 0,
            "main_route_table_id": "rtb-03c4328cce9456b31",
            "owner_id": "239722391541",
            "tags": {
              "Name": "nikita.vpc"
            },
            "tags_all": {
              "Name": "nikita.vpc"
            }
          },
          "sensitive_attributes": [],
          "private": "eyJzY2hlbWFfdmVyc2lvbiI6IjEifQ=="
        }
      ]
    }
  ],
  "check_results": null
}
